// !$*UTF8*$!
{
	archiveVersion = 1;
	classes = {
	};
	objectVersion = 46;
	objects = {

/* Begin PBXBuildFile section */
		99E4215B1B8209F4002FD02A /* AppDelegate.swift in Sources */ = {isa = PBXBuildFile; fileRef = 99E4215A1B8209F4002FD02A /* AppDelegate.swift */; };
		99E4215D1B8209F4002FD02A /* ViewController.swift in Sources */ = {isa = PBXBuildFile; fileRef = 99E4215C1B8209F4002FD02A /* ViewController.swift */; };
		99E421601B8209F4002FD02A /* Main.storyboard in Resources */ = {isa = PBXBuildFile; fileRef = 99E4215E1B8209F4002FD02A /* Main.storyboard */; };
		99E421621B8209F4002FD02A /* Assets.xcassets in Resources */ = {isa = PBXBuildFile; fileRef = 99E421611B8209F4002FD02A /* Assets.xcassets */; };
		99E421651B8209F4002FD02A /* LaunchScreen.storyboard in Resources */ = {isa = PBXBuildFile; fileRef = 99E421631B8209F4002FD02A /* LaunchScreen.storyboard */; };
		99E421701B8209F4002FD02A /* currentLocationTests.swift in Sources */ = {isa = PBXBuildFile; fileRef = 99E4216F1B8209F4002FD02A /* currentLocationTests.swift */; };
		99E4217B1B8209F4002FD02A /* currentLocationUITests.swift in Sources */ = {isa = PBXBuildFile; fileRef = 99E4217A1B8209F4002FD02A /* currentLocationUITests.swift */; };
		99E421891B820AF8002FD02A /* CoreLocation.framework in Frameworks */ = {isa = PBXBuildFile; fileRef = 99E421881B820AF8002FD02A /* CoreLocation.framework */; };
/* End PBXBuildFile section */

/* Begin PBXContainerItemProxy section */
		99E4216C1B8209F4002FD02A /* PBXContainerItemProxy */ = {
			isa = PBXContainerItemProxy;
			containerPortal = 99E4214F1B8209F4002FD02A /* Project object */;
			proxyType = 1;
			remoteGlobalIDString = 99E421561B8209F4002FD02A;
			remoteInfo = currentLocation;
		};
		99E421771B8209F4002FD02A /* PBXContainerItemProxy */ = {
			isa = PBXContainerItemProxy;
			containerPortal = 99E4214F1B8209F4002FD02A /* Project object */;
			proxyType = 1;
			remoteGlobalIDString = 99E421561B8209F4002FD02A;
			remoteInfo = currentLocation;
		};
/* End PBXContainerItemProxy section */

/* Begin PBXFileReference section */
		99E421571B8209F4002FD02A /* currentLocation.app */ = {isa = PBXFileReference; explicitFileType = wrapper.application; includeInIndex = 0; path = currentLocation.app; sourceTree = BUILT_PRODUCTS_DIR; };
		99E4215A1B8209F4002FD02A /* AppDelegate.swift */ = {isa = PBXFileReference; lastKnownFileType = sourcecode.swift; path = AppDelegate.swift; sourceTree = "<group>"; };
		99E4215C1B8209F4002FD02A /* ViewController.swift */ = {isa = PBXFileReference; lastKnownFileType = sourcecode.swift; path = ViewController.swift; sourceTree = "<group>"; };
		99E4215F1B8209F4002FD02A /* Base */ = {isa = PBXFileReference; lastKnownFileType = file.storyboard; name = Base; path = Base.lproj/Main.storyboard; sourceTree = "<group>"; };
		99E421611B8209F4002FD02A /* Assets.xcassets */ = {isa = PBXFileReference; lastKnownFileType = folder.assetcatalog; path = Assets.xcassets; sourceTree = "<group>"; };
		99E421641B8209F4002FD02A /* Base */ = {isa = PBXFileReference; lastKnownFileType = file.storyboard; name = Base; path = Base.lproj/LaunchScreen.storyboard; sourceTree = "<group>"; };
		99E421661B8209F4002FD02A /* Info.plist */ = {isa = PBXFileReference; lastKnownFileType = text.plist.xml; path = Info.plist; sourceTree = "<group>"; };
		99E4216B1B8209F4002FD02A /* currentLocationTests.xctest */ = {isa = PBXFileReference; explicitFileType = wrapper.cfbundle; includeInIndex = 0; path = currentLocationTests.xctest; sourceTree = BUILT_PRODUCTS_DIR; };
		99E4216F1B8209F4002FD02A /* currentLocationTests.swift */ = {isa = PBXFileReference; lastKnownFileType = sourcecode.swift; path = currentLocationTests.swift; sourceTree = "<group>"; };
		99E421711B8209F4002FD02A /* Info.plist */ = {isa = PBXFileReference; lastKnownFileType = text.plist.xml; path = Info.plist; sourceTree = "<group>"; };
		99E421761B8209F4002FD02A /* currentLocationUITests.xctest */ = {isa = PBXFileReference; explicitFileType = wrapper.cfbundle; includeInIndex = 0; path = currentLocationUITests.xctest; sourceTree = BUILT_PRODUCTS_DIR; };
		99E4217A1B8209F4002FD02A /* currentLocationUITests.swift */ = {isa = PBXFileReference; lastKnownFileType = sourcecode.swift; path = currentLocationUITests.swift; sourceTree = "<group>"; };
		99E4217C1B8209F4002FD02A /* Info.plist */ = {isa = PBXFileReference; lastKnownFileType = text.plist.xml; path = Info.plist; sourceTree = "<group>"; };
		99E421881B820AF8002FD02A /* CoreLocation.framework */ = {isa = PBXFileReference; lastKnownFileType = wrapper.framework; name = CoreLocation.framework; path = System/Library/Frameworks/CoreLocation.framework; sourceTree = SDKROOT; };
/* End PBXFileReference section */

/* Begin PBXFrameworksBuildPhase section */
		99E421541B8209F4002FD02A /* Frameworks */ = {
			isa = PBXFrameworksBuildPhase;
			buildActionMask = 2147483647;
			files = (
				99E421891B820AF8002FD02A /* CoreLocation.framework in Frameworks */,
			);
			runOnlyForDeploymentPostprocessing = 0;
		};
		99E421681B8209F4002FD02A /* Frameworks */ = {
			isa = PBXFrameworksBuildPhase;
			buildActionMask = 2147483647;
			files = (
			);
			runOnlyForDeploymentPostprocessing = 0;
		};
		99E421731B8209F4002FD02A /* Frameworks */ = {
			isa = PBXFrameworksBuildPhase;
			buildActionMask = 2147483647;
			files = (
			);
			runOnlyForDeploymentPostprocessing = 0;
		};
/* End PBXFrameworksBuildPhase section */

/* Begin PBXGroup section */
		99E4214E1B8209F4002FD02A = {
			isa = PBXGroup;
			children = (
				99E421881B820AF8002FD02A /* CoreLocation.framework */,
				99E421591B8209F4002FD02A /* currentLocation */,
				99E4216E1B8209F4002FD02A /* currentLocationTests */,
				99E421791B8209F4002FD02A /* currentLocationUITests */,
				99E421581B8209F4002FD02A /* Products */,
			);
			sourceTree = "<group>";
		};
		99E421581B8209F4002FD02A /* Products */ = {
			isa = PBXGroup;
			children = (
				99E421571B8209F4002FD02A /* currentLocation.app */,
				99E4216B1B8209F4002FD02A /* currentLocationTests.xctest */,
				99E421761B8209F4002FD02A /* currentLocationUITests.xctest */,
			);
			name = Products;
			sourceTree = "<group>";
		};
		99E421591B8209F4002FD02A /* currentLocation */ = {
			isa = PBXGroup;
			children = (
				99E4215A1B8209F4002FD02A /* AppDelegate.swift */,
				99E4215C1B8209F4002FD02A /* ViewController.swift */,
				99E4215E1B8209F4002FD02A /* Main.storyboard */,
				99E421611B8209F4002FD02A /* Assets.xcassets */,
				99E421631B8209F4002FD02A /* LaunchScreen.storyboard */,
				99E421661B8209F4002FD02A /* Info.plist */,
			);
			path = currentLocation;
			sourceTree = "<group>";
		};
		99E4216E1B8209F4002FD02A /* currentLocationTests */ = {
			isa = PBXGroup;
			children = (
				99E4216F1B8209F4002FD02A /* currentLocationTests.swift */,
				99E421711B8209F4002FD02A /* Info.plist */,
			);
			path = currentLocationTests;
			sourceTree = "<group>";
		};
		99E421791B8209F4002FD02A /* currentLocationUITests */ = {
			isa = PBXGroup;
			children = (
				99E4217A1B8209F4002FD02A /* currentLocationUITests.swift */,
				99E4217C1B8209F4002FD02A /* Info.plist */,
			);
			path = currentLocationUITests;
			sourceTree = "<group>";
		};
/* End PBXGroup section */

/* Begin PBXNativeTarget section */
		99E421561B8209F4002FD02A /* currentLocation */ = {
			isa = PBXNativeTarget;
			buildConfigurationList = 99E4217F1B8209F4002FD02A /* Build configuration list for PBXNativeTarget "currentLocation" */;
			buildPhases = (
				99E421531B8209F4002FD02A /* Sources */,
				99E421541B8209F4002FD02A /* Frameworks */,
				99E421551B8209F4002FD02A /* Resources */,
			);
			buildRules = (
			);
			dependencies = (
			);
			name = currentLocation;
			productName = currentLocation;
			productReference = 99E421571B8209F4002FD02A /* currentLocation.app */;
			productType = "com.apple.product-type.application";
		};
		99E4216A1B8209F4002FD02A /* currentLocationTests */ = {
			isa = PBXNativeTarget;
			buildConfigurationList = 99E421821B8209F4002FD02A /* Build configuration list for PBXNativeTarget "currentLocationTests" */;
			buildPhases = (
				99E421671B8209F4002FD02A /* Sources */,
				99E421681B8209F4002FD02A /* Frameworks */,
				99E421691B8209F4002FD02A /* Resources */,
			);
			buildRules = (
			);
			dependencies = (
				99E4216D1B8209F4002FD02A /* PBXTargetDependency */,
			);
			name = currentLocationTests;
			productName = currentLocationTests;
			productReference = 99E4216B1B8209F4002FD02A /* currentLocationTests.xctest */;
			productType = "com.apple.product-type.bundle.unit-test";
		};
		99E421751B8209F4002FD02A /* currentLocationUITests */ = {
			isa = PBXNativeTarget;
			buildConfigurationList = 99E421851B8209F4002FD02A /* Build configuration list for PBXNativeTarget "currentLocationUITests" */;
			buildPhases = (
				99E421721B8209F4002FD02A /* Sources */,
				99E421731B8209F4002FD02A /* Frameworks */,
				99E421741B8209F4002FD02A /* Resources */,
			);
			buildRules = (
			);
			dependencies = (
				99E421781B8209F4002FD02A /* PBXTargetDependency */,
			);
			name = currentLocationUITests;
			productName = currentLocationUITests;
			productReference = 99E421761B8209F4002FD02A /* currentLocationUITests.xctest */;
			productType = "com.apple.product-type.bundle.ui-testing";
		};
/* End PBXNativeTarget section */

/* Begin PBXProject section */
		99E4214F1B8209F4002FD02A /* Project object */ = {
			isa = PBXProject;
			attributes = {
				LastUpgradeCheck = 0700;
				ORGANIZATIONNAME = "Priyanka Gaikwad";
				TargetAttributes = {
					99E421561B8209F4002FD02A = {
						CreatedOnToolsVersion = 7.0;
					};
					99E4216A1B8209F4002FD02A = {
						CreatedOnToolsVersion = 7.0;
						TestTargetID = 99E421561B8209F4002FD02A;
					};
					99E421751B8209F4002FD02A = {
						CreatedOnToolsVersion = 7.0;
						TestTargetID = 99E421561B8209F4002FD02A;
					};
				};
			};
			buildConfigurationList = 99E421521B8209F4002FD02A /* Build configuration list for PBXProject "currentLocation" */;
			compatibilityVersion = "Xcode 3.2";
			developmentRegion = English;
			hasScannedForEncodings = 0;
			knownRegions = (
				en,
				Base,
			);
			mainGroup = 99E4214E1B8209F4002FD02A;
			productRefGroup = 99E421581B8209F4002FD02A /* Products */;
			projectDirPath = "";
			projectRoot = "";
			targets = (
				99E421561B8209F4002FD02A /* currentLocation */,
				99E4216A1B8209F4002FD02A /* currentLocationTests */,
				99E421751B8209F4002FD02A /* currentLocationUITests */,
			);
		};
/* End PBXProject section */

/* Begin PBXResourcesBuildPhase section */
		99E421551B8209F4002FD02A /* Resources */ = {
			isa = PBXResourcesBuildPhase;
			buildActionMask = 2147483647;
			files = (
				99E421651B8209F4002FD02A /* LaunchScreen.storyboard in Resources */,
				99E421621B8209F4002FD02A /* Assets.xcassets in Resources */,
				99E421601B8209F4002FD02A /* Main.storyboard in Resources */,
			);
			runOnlyForDeploymentPostprocessing = 0;
		};
		99E421691B8209F4002FD02A /* Resources */ = {
			isa = PBXResourcesBuildPhase;
			buildActionMask = 2147483647;
			files = (
			);
			runOnlyForDeploymentPostprocessing = 0;
		};
		99E421741B8209F4002FD02A /* Resources */ = {
			isa = PBXResourcesBuildPhase;
			buildActionMask = 2147483647;
			files = (
			);
			runOnlyForDeploymentPostprocessing = 0;
		};
/* End PBXResourcesBuildPhase section */

/* Begin PBXSourcesBuildPhase section */
		99E421531B8209F4002FD02A /* Sources */ = {
			isa = PBXSourcesBuildPhase;
			buildActionMask = 2147483647;
			files = (
				99E4215D1B8209F4002FD02A /* ViewController.swift in Sources */,
				99E4215B1B8209F4002FD02A /* AppDelegate.swift in Sources */,
			);
			runOnlyForDeploymentPostprocessing = 0;
		};
		99E421671B8209F4002FD02A /* Sources */ = {
			isa = PBXSourcesBuildPhase;
			buildActionMask = 2147483647;
			files = (
				99E421701B8209F4002FD02A /* currentLocationTests.swift in Sources */,
			);
			runOnlyForDeploymentPostprocessing = 0;
		};
		99E421721B8209F4002FD02A /* Sources */ = {
			isa = PBXSourcesBuildPhase;
			buildActionMask = 2147483647;
			files = (
				99E4217B1B8209F4002FD02A /* currentLocationUITests.swift in Sources */,
			);
			runOnlyForDeploymentPostprocessing = 0;
		};
/* End PBXSourcesBuildPhase section */

/* Begin PBXTargetDependency section */
		99E4216D1B8209F4002FD02A /* PBXTargetDependency */ = {
			isa = PBXTargetDependency;
			target = 99E421561B8209F4002FD02A /* currentLocation */;
			targetProxy = 99E4216C1B8209F4002FD02A /* PBXContainerItemProxy */;
		};
		99E421781B8209F4002FD02A /* PBXTargetDependency */ = {
			isa = PBXTargetDependency;
			target = 99E421561B8209F4002FD02A /* currentLocation */;
			targetProxy = 99E421771B8209F4002FD02A /* PBXContainerItemProxy */;
		};
/* End PBXTargetDependency section */

/* Begin PBXVariantGroup section */
		99E4215E1B8209F4002FD02A /* Main.storyboard */ = {
			isa = PBXVariantGroup;
			children = (
				99E4215F1B8209F4002FD02A /* Base */,
			);
			name = Main.storyboard;
			sourceTree = "<group>";
		};
		99E421631B8209F4002FD02A /* LaunchScreen.storyboard */ = {
			isa = PBXVariantGroup;
			children = (
				99E421641B8209F4002FD02A /* Base */,
			);
			name = LaunchScreen.storyboard;
			sourceTree = "<group>";
		};
/* End PBXVariantGroup section */

/* Begin XCBuildConfiguration section */
		99E4217D1B8209F4002FD02A /* Debug */ = {
			isa = XCBuildConfiguration;
			buildSettings = {
				ALWAYS_SEARCH_USER_PATHS = NO;
				CLANG_CXX_LANGUAGE_STANDARD = "gnu++0x";
				CLANG_CXX_LIBRARY = "libc++";
				CLANG_ENABLE_MODULES = YES;
				CLANG_ENABLE_OBJC_ARC = YES;
				CLANG_WARN_BOOL_CONVERSION = YES;
				CLANG_WARN_CONSTANT_CONVERSION = YES;
				CLANG_WARN_DIRECT_OBJC_ISA_USAGE = YES_ERROR;
				CLANG_WARN_EMPTY_BODY = YES;
				CLANG_WARN_ENUM_CONVERSION = YES;
				CLANG_WARN_INT_CONVERSION = YES;
				CLANG_WARN_OBJC_ROOT_CLASS = YES_ERROR;
				CLANG_WARN_UNREACHABLE_CODE = YES;
				CLANG_WARN__DUPLICATE_METHOD_MATCH = YES;
				"CODE_SIGN_IDENTITY[sdk=iphoneos*]" = "iPhone Developer";
				COPY_PHASE_STRIP = NO;
				DEBUG_INFORMATION_FORMAT = dwarf;
				ENABLE_STRICT_OBJC_MSGSEND = YES;
				ENABLE_TESTABILITY = YES;
				GCC_C_LANGUAGE_STANDARD = gnu99;
				GCC_DYNAMIC_NO_PIC = NO;
				GCC_NO_COMMON_BLOCKS = YES;
				GCC_OPTIMIZATION_LEVEL = 0;
				GCC_PREPROCESSOR_DEFINITIONS = (
					"DEBUG=1",
					"$(inherited)",
				);
				GCC_WARN_64_TO_32_BIT_CONVERSION = YES;
				GCC_WARN_ABOUT_RETURN_TYPE = YES_ERROR;
				GCC_WARN_UNDECLARED_SELECTOR = YES;
				GCC_WARN_UNINITIALIZED_AUTOS = YES_AGGRESSIVE;
				GCC_WARN_UNUSED_FUNCTION = YES;
				GCC_WARN_UNUSED_VARIABLE = YES;
				IPHONEOS_DEPLOYMENT_TARGET = 9.0;
				MTL_ENABLE_DEBUG_INFO = YES;
				ONLY_ACTIVE_ARCH = YES;
				SDKROOT = iphoneos;
				SWIFT_OPTIMIZATION_LEVEL = "-Onone";
				TARGETED_DEVICE_FAMILY = "1,2";
			};
			name = Debug;
		};
		99E4217E1B8209F4002FD02A /* Release */ = {
			isa = XCBuildConfiguration;
			buildSettings = {
				ALWAYS_SEARCH_USER_PATHS = NO;
				CLANG_CXX_LANGUAGE_STANDARD = "gnu++0x";
				CLANG_CXX_LIBRARY = "libc++";
				CLANG_ENABLE_MODULES = YES;
				CLANG_ENABLE_OBJC_ARC = YES;
				CLANG_WARN_BOOL_CONVERSION = YES;
				CLANG_WARN_CONSTANT_CONVERSION = YES;
				CLANG_WARN_DIRECT_OBJC_ISA_USAGE = YES_ERROR;
				CLANG_WARN_EMPTY_BODY = YES;
				CLANG_WARN_ENUM_CONVERSION = YES;
				CLANG_WARN_INT_CONVERSION = YES;
				CLANG_WARN_OBJC_ROOT_CLASS = YES_ERROR;
				CLANG_WARN_UNREACHABLE_CODE = YES;
				CLANG_WARN__DUPLICATE_METHOD_MATCH = YES;
				"CODE_SIGN_IDENTITY[sdk=iphoneos*]" = "iPhone Developer";
				COPY_PHASE_STRIP = NO;
				DEBUG_INFORMATION_FORMAT = "dwarf-with-dsym";
				ENABLE_NS_ASSERTIONS = NO;
				ENABLE_STRICT_OBJC_MSGSEND = YES;
				GCC_C_LANGUAGE_STANDARD = gnu99;
				GCC_NO_COMMON_BLOCKS = YES;
				GCC_WARN_64_TO_32_BIT_CONVERSION = YES;
				GCC_WARN_ABOUT_RETURN_TYPE = YES_ERROR;
				GCC_WARN_UNDECLARED_SELECTOR = YES;
				GCC_WARN_UNINITIALIZED_AUTOS = YES_AGGRESSIVE;
				GCC_WARN_UNUSED_FUNCTION = YES;
				GCC_WARN_UNUSED_VARIABLE = YES;
				IPHONEOS_DEPLOYMENT_TARGET = 9.0;
				MTL_ENABLE_DEBUG_INFO = NO;
				SDKROOT = iphoneos;
				TARGETED_DEVICE_FAMILY = "1,2";
				VALIDATE_PRODUCT = YES;
			};
			name = Release;
		};
		99E421801B8209F4002FD02A /* Debug */ = {
			isa = XCBuildConfiguration;
			buildSettings = {
				ASSETCATALOG_COMPILER_APPICON_NAME = AppIcon;
				INFOPLIST_FILE = currentLocation/Info.plist;
				LD_RUNPATH_SEARCH_PATHS = "$(inherited) @executable_path/Frameworks";
				PRODUCT_BUNDLE_IDENTIFIER = mySwift.currentLocation;
				PRODUCT_NAME = "$(TARGET_NAME)";
			};
			name = Debug;
		};
		99E421811B8209F4002FD02A /* Release */ = {
			isa = XCBuildConfiguration;
			buildSettings = {
				ASSETCATALOG_COMPILER_APPICON_NAME = AppIcon;
				INFOPLIST_FILE = currentLocation/Info.plist;
				LD_RUNPATH_SEARCH_PATHS = "$(inherited) @executable_path/Frameworks";
				PRODUCT_BUNDLE_IDENTIFIER = mySwift.currentLocation;
				PRODUCT_NAME = "$(TARGET_NAME)";
			};
			name = Release;
		};
		99E421831B8209F4002FD02A /* Debug */ = {
			isa = XCBuildConfiguration;
			buildSettings = {
				BUNDLE_LOADER = "$(TEST_HOST)";
				INFOPLIST_FILE = currentLocationTests/Info.plist;
				LD_RUNPATH_SEARCH_PATHS = "$(inherited) @executable_path/Frameworks @loader_path/Frameworks";
				PRODUCT_BUNDLE_IDENTIFIER = mySwift.currentLocationTests;
				PRODUCT_NAME = "$(TARGET_NAME)";
				TEST_HOST = "$(BUILT_PRODUCTS_DIR)/currentLocation.app/currentLocation";
			};
			name = Debug;
		};
		99E421841B8209F4002FD02A /* Release */ = {
			isa = XCBuildConfiguration;
			buildSettings = {
				BUNDLE_LOADER = "$(TEST_HOST)";
				INFOPLIST_FILE = currentLocationTests/Info.plist;
				LD_RUNPATH_SEARCH_PATHS = "$(inherited) @executable_path/Frameworks @loader_path/Frameworks";
				PRODUCT_BUNDLE_IDENTIFIER = mySwift.currentLocationTests;
				PRODUCT_NAME = "$(TARGET_NAME)";
				TEST_HOST = "$(BUILT_PRODUCTS_DIR)/currentLocation.app/currentLocation";
			};
			name = Release;
		};
		99E421861B8209F4002FD02A /* Debug */ = {
			isa = XCBuildConfiguration;
			buildSettings = {
				INFOPLIST_FILE = currentLocationUITests/Info.plist;
				LD_RUNPATH_SEARCH_PATHS = "$(inherited) @executable_path/Frameworks @loader_path/Frameworks";
				PRODUCT_BUNDLE_IDENTIFIER = mySwift.currentLocationUITests;
				PRODUCT_NAME = "$(TARGET_NAME)";
				TEST_TARGET_NAME = currentLocation;
				USES_XCTRUNNER = YES;
			};
			name = Debug;
		};
		99E421871B8209F4002FD02A /* Release */ = {
			isa = XCBuildConfiguration;
			buildSettings = {
				INFOPLIST_FILE = currentLocationUITests/Info.plist;
				LD_RUNPATH_SEARCH_PATHS = "$(inherited) @executable_path/Frameworks @loader_path/Frameworks";
				PRODUCT_BUNDLE_IDENTIFIER = mySwift.currentLocationUITests;
				PRODUCT_NAME = "$(TARGET_NAME)";
				TEST_TARGET_NAME = currentLocation;
				USES_XCTRUNNER = YES;
			};
			name = Release;
		};
/* End XCBuildConfiguration section */

/* Begin XCConfigurationList section */
		99E421521B8209F4002FD02A /* Build configuration list for PBXProject "currentLocation" */ = {
			isa = XCConfigurationList;
			buildConfigurations = (
				99E4217D1B8209F4002FD02A /* Debug */,
				99E4217E1B8209F4002FD02A /* Release */,
			);
			defaultConfigurationIsVisible = 0;
			defaultConfigurationName = Release;
		};
		99E4217F1B8209F4002FD02A /* Build configuration list for PBXNativeTarget "currentLocation" */ = {
			isa = XCConfigurationList;
			buildConfigurations = (
				99E421801B8209F4002FD02A /* Debug */,
				99E421811B8209F4002FD02A /* Release */,
			);
			defaultConfigurationIsVisible = 0;
		};
		99E421821B8209F4002FD02A /* Build configuration list for PBXNativeTarget "currentLocationTests" */ = {
			isa = XCConfigurationList;
			buildConfigurations = (
				99E421831B8209F4002FD02A /* Debug */,
				99E421841B8209F4002FD02A /* Release */,
			);
			defaultConfigurationIsVisible = 0;
		};
		99E421851B8209F4002FD02A /* Build configuration list for PBXNativeTarget "currentLocationUITests" */ = {
			isa = XCConfigurationList;
			buildConfigurations = (
				99E421861B8209F4002FD02A /* Debug */,
				99E421871B8209F4002FD02A /* Release */,
			);
			defaultConfigurationIsVisible = 0;
		};
/* End XCConfigurationList section */
	};
	rootObject = 99E4214F1B8209F4002FD02A /* Project object */;
}
